Microsoft Visual Studio Solution File, Format Version 12.00
# Visual Studio Version 17
VisualStudioVersion = 17.5.2.0
MinimumVisualStudioVersion = 10.0.40219.1
Project("{FAE04EC0-301F-11D3-BF4B-00C04F79EFBC}") = "kavinkumar.dev", "kavinkumar.dev.csproj", "{56F4A011-FB32-C8F9-DE11-527D5158AAF8}"
EndProject
Global
	GlobalSection(SolutionConfigurationPlatforms) = preSolution
		Debug|Any CPU = Debug|Any CPU
		Release|Any CPU = Release|Any CPU
	EndGlobalSection
	GlobalSection(ProjectConfigurationPlatforms) = postSolution
		{56F4A011-FB32-C8F9-DE11-527D5158AAF8}.Debug|Any CPU.ActiveCfg = Debug|Any CPU
		{56F4A011-FB32-C8F9-DE11-527D5158AAF8}.Debug|Any CPU.Build.0 = Debug|Any CPU
		{56F4A011-FB32-C8F9-DE11-527D5158AAF8}.Release|Any CPU.ActiveCfg = Release|Any CPU
		{56F4A011-FB32-C8F9-DE11-527D5158AAF8}.Release|Any CPU.Build.0 = Release|Any CPU
	EndGlobalSection
	GlobalSection(SolutionProperties) = preSolution
		HideSolutionNode = FALSE
	EndGlobalSection
	GlobalSection(ExtensibilityGlobals) = postSolution
		SolutionGuid = {0381BB19-5725-4F7B-A960-B30D79508D66}
	EndGlobalSection
EndGlobal
